
Microsoft Visual Studio Solution File, Format Version 12.00
# Visual Studio Version 16
VisualStudioVersion = 16.0.30517.126
MinimumVisualStudioVersion = 10.0.40219.1
Project("{9A19103F-16F7-4668-BE54-9A1E7A4F7556}") = "POC.Storage.Core", "src\Core\POC.Storage.Core.csproj", "{5EDDD3BE-AA71-4F8B-8832-CC9AC96E13C1}"
EndProject
Project("{2150E333-8FDC-42A3-9474-1A3956D46DE8}") = "src", "src", "{267F67D0-D989-443F-9522-66B35185165F}"
EndProject
Project("{2150E333-8FDC-42A3-9474-1A3956D46DE8}") = "tests", "tests", "{A162C960-4111-42FF-B971-E543CE582833}"
EndProject
Project("{9A19103F-16F7-4668-BE54-9A1E7A4F7556}") = "POC.Storage.Elasticsearch", "src\Elasticsearch\POC.Storage.Elasticsearch.csproj", "{8AF8FB2C-F499-4F54-BD6E-0B83699100E3}"
EndProject
Project("{9A19103F-16F7-4668-BE54-9A1E7A4F7556}") = "POC.Storage.MsSql", "src\MsSql\POC.Storage.MsSql.csproj", "{05F3D817-7724-431A-9703-9157ECC648FC}"
EndProject
Project("{9A19103F-16F7-4668-BE54-9A1E7A4F7556}") = "POC.Storage.NetworkShare", "src\NetworkShare\POC.Storage.NetworkShare.csproj", "{2DE5E315-A926-4F12-AB3B-12BB781693FA}"
EndProject
Project("{9A19103F-16F7-4668-BE54-9A1E7A4F7556}") = "POC.Storage.Null", "src\Null\POC.Storage.Null.csproj", "{067B409C-65FF-48EF-8A00-548BCBD2B1C0}"
EndProject
Project("{9A19103F-16F7-4668-BE54-9A1E7A4F7556}") = "POC.Storage.Core.Tests", "tests\Core.Tests\POC.Storage.Core.Tests.csproj", "{C1E6D380-109F-4960-8F79-760BEB89B385}"
EndProject
Project("{9A19103F-16F7-4668-BE54-9A1E7A4F7556}") = "POC.Storage.Elasticsearch.Tests", "tests\Elasticsearch.Tests\POC.Storage.Elasticsearch.Tests.csproj", "{745579EB-A996-4D00-A0AE-880ADC63E3A0}"
EndProject
Project("{9A19103F-16F7-4668-BE54-9A1E7A4F7556}") = "POC.Storage.Importer", "tests\Importer\POC.Storage.Importer.csproj", "{8D1FD16E-F0FF-4819-B8B7-68BEE15E820C}"
EndProject
Project("{9A19103F-16F7-4668-BE54-9A1E7A4F7556}") = "POC.Storage.MsSql.Tests", "tests\MsSql.Tests\POC.Storage.MsSql.Tests.csproj", "{F5D25B6F-78F3-4C78-83D3-A1DC5B71EE1D}"
EndProject
Project("{9A19103F-16F7-4668-BE54-9A1E7A4F7556}") = "POC.Storage.MsSql-ES-NS.Tests", "tests\MsSql-ES-NS.Tests\POC.Storage.MsSql-ES-NS.Tests.csproj", "{44D10AAC-81DE-4C3C-B7CF-822722E7402E}"
EndProject
Project("{9A19103F-16F7-4668-BE54-9A1E7A4F7556}") = "POC.Storage.NetworkShare.Tests", "tests\NetworkShare.Tests\POC.Storage.NetworkShare.Tests.csproj", "{FC508F62-E63B-48B9-B97D-2E2C98DA48EB}"
EndProject
Project("{2150E333-8FDC-42A3-9474-1A3956D46DE8}") = "Solution Items", "Solution Items", "{5976C9B4-5D43-46E9-A232-C9650AD9F6C1}"
	ProjectSection(SolutionItems) = preProject
		.editorconfig = .editorconfig
	EndProjectSection
EndProject
Global
	GlobalSection(SolutionConfigurationPlatforms) = preSolution
		Debug|Any CPU = Debug|Any CPU
		Release|Any CPU = Release|Any CPU
	EndGlobalSection
	GlobalSection(ProjectConfigurationPlatforms) = postSolution
		{5EDDD3BE-AA71-4F8B-8832-CC9AC96E13C1}.Debug|Any CPU.ActiveCfg = Debug|Any CPU
		{5EDDD3BE-AA71-4F8B-8832-CC9AC96E13C1}.Debug|Any CPU.Build.0 = Debug|Any CPU
		{5EDDD3BE-AA71-4F8B-8832-CC9AC96E13C1}.Release|Any CPU.ActiveCfg = Release|Any CPU
		{5EDDD3BE-AA71-4F8B-8832-CC9AC96E13C1}.Release|Any CPU.Build.0 = Release|Any CPU
		{8AF8FB2C-F499-4F54-BD6E-0B83699100E3}.Debug|Any CPU.ActiveCfg = Debug|Any CPU
		{8AF8FB2C-F499-4F54-BD6E-0B83699100E3}.Debug|Any CPU.Build.0 = Debug|Any CPU
		{8AF8FB2C-F499-4F54-BD6E-0B83699100E3}.Release|Any CPU.ActiveCfg = Release|Any CPU
		{8AF8FB2C-F499-4F54-BD6E-0B83699100E3}.Release|Any CPU.Build.0 = Release|Any CPU
		{05F3D817-7724-431A-9703-9157ECC648FC}.Debug|Any CPU.ActiveCfg = Debug|Any CPU
		{05F3D817-7724-431A-9703-9157ECC648FC}.Debug|Any CPU.Build.0 = Debug|Any CPU
		{05F3D817-7724-431A-9703-9157ECC648FC}.Release|Any CPU.ActiveCfg = Release|Any CPU
		{05F3D817-7724-431A-9703-9157ECC648FC}.Release|Any CPU.Build.0 = Release|Any CPU
		{2DE5E315-A926-4F12-AB3B-12BB781693FA}.Debug|Any CPU.ActiveCfg = Debug|Any CPU
		{2DE5E315-A926-4F12-AB3B-12BB781693FA}.Debug|Any CPU.Build.0 = Debug|Any CPU
		{2DE5E315-A926-4F12-AB3B-12BB781693FA}.Release|Any CPU.ActiveCfg = Release|Any CPU
		{2DE5E315-A926-4F12-AB3B-12BB781693FA}.Release|Any CPU.Build.0 = Release|Any CPU
		{067B409C-65FF-48EF-8A00-548BCBD2B1C0}.Debug|Any CPU.ActiveCfg = Debug|Any CPU
		{067B409C-65FF-48EF-8A00-548BCBD2B1C0}.Debug|Any CPU.Build.0 = Debug|Any CPU
		{067B409C-65FF-48EF-8A00-548BCBD2B1C0}.Release|Any CPU.ActiveCfg = Release|Any CPU
		{067B409C-65FF-48EF-8A00-548BCBD2B1C0}.Release|Any CPU.Build.0 = Release|Any CPU
		{C1E6D380-109F-4960-8F79-760BEB89B385}.Debug|Any CPU.ActiveCfg = Debug|Any CPU
		{C1E6D380-109F-4960-8F79-760BEB89B385}.Debug|Any CPU.Build.0 = Debug|Any CPU
		{C1E6D380-109F-4960-8F79-760BEB89B385}.Release|Any CPU.ActiveCfg = Release|Any CPU
		{C1E6D380-109F-4960-8F79-760BEB89B385}.Release|Any CPU.Build.0 = Release|Any CPU
		{745579EB-A996-4D00-A0AE-880ADC63E3A0}.Debug|Any CPU.ActiveCfg = Debug|Any CPU
		{745579EB-A996-4D00-A0AE-880ADC63E3A0}.Debug|Any CPU.Build.0 = Debug|Any CPU
		{745579EB-A996-4D00-A0AE-880ADC63E3A0}.Release|Any CPU.ActiveCfg = Release|Any CPU
		{745579EB-A996-4D00-A0AE-880ADC63E3A0}.Release|Any CPU.Build.0 = Release|Any CPU
		{8D1FD16E-F0FF-4819-B8B7-68BEE15E820C}.Debug|Any CPU.ActiveCfg = Debug|Any CPU
		{8D1FD16E-F0FF-4819-B8B7-68BEE15E820C}.Debug|Any CPU.Build.0 = Debug|Any CPU
		{8D1FD16E-F0FF-4819-B8B7-68BEE15E820C}.Release|Any CPU.ActiveCfg = Release|Any CPU
		{8D1FD16E-F0FF-4819-B8B7-68BEE15E820C}.Release|Any CPU.Build.0 = Release|Any CPU
		{F5D25B6F-78F3-4C78-83D3-A1DC5B71EE1D}.Debug|Any CPU.ActiveCfg = Debug|Any CPU
		{F5D25B6F-78F3-4C78-83D3-A1DC5B71EE1D}.Debug|Any CPU.Build.0 = Debug|Any CPU
		{F5D25B6F-78F3-4C78-83D3-A1DC5B71EE1D}.Release|Any CPU.ActiveCfg = Release|Any CPU
		{F5D25B6F-78F3-4C78-83D3-A1DC5B71EE1D}.Release|Any CPU.Build.0 = Release|Any CPU
		{44D10AAC-81DE-4C3C-B7CF-822722E7402E}.Debug|Any CPU.ActiveCfg = Debug|Any CPU
		{44D10AAC-81DE-4C3C-B7CF-822722E7402E}.Debug|Any CPU.Build.0 = Debug|Any CPU
		{44D10AAC-81DE-4C3C-B7CF-822722E7402E}.Release|Any CPU.ActiveCfg = Release|Any CPU
		{44D10AAC-81DE-4C3C-B7CF-822722E7402E}.Release|Any CPU.Build.0 = Release|Any CPU
		{FC508F62-E63B-48B9-B97D-2E2C98DA48EB}.Debug|Any CPU.ActiveCfg = Debug|Any CPU
		{FC508F62-E63B-48B9-B97D-2E2C98DA48EB}.Debug|Any CPU.Build.0 = Debug|Any CPU
		{FC508F62-E63B-48B9-B97D-2E2C98DA48EB}.Release|Any CPU.ActiveCfg = Release|Any CPU
		{FC508F62-E63B-48B9-B97D-2E2C98DA48EB}.Release|Any CPU.Build.0 = Release|Any CPU
	EndGlobalSection
	GlobalSection(SolutionProperties) = preSolution
		HideSolutionNode = FALSE
	EndGlobalSection
	GlobalSection(NestedProjects) = preSolution
		{5EDDD3BE-AA71-4F8B-8832-CC9AC96E13C1} = {267F67D0-D989-443F-9522-66B35185165F}
		{8AF8FB2C-F499-4F54-BD6E-0B83699100E3} = {267F67D0-D989-443F-9522-66B35185165F}
		{05F3D817-7724-431A-9703-9157ECC648FC} = {267F67D0-D989-443F-9522-66B35185165F}
		{2DE5E315-A926-4F12-AB3B-12BB781693FA} = {267F67D0-D989-443F-9522-66B35185165F}
		{067B409C-65FF-48EF-8A00-548BCBD2B1C0} = {267F67D0-D989-443F-9522-66B35185165F}
		{C1E6D380-109F-4960-8F79-760BEB89B385} = {A162C960-4111-42FF-B971-E543CE582833}
		{745579EB-A996-4D00-A0AE-880ADC63E3A0} = {A162C960-4111-42FF-B971-E543CE582833}
		{8D1FD16E-F0FF-4819-B8B7-68BEE15E820C} = {A162C960-4111-42FF-B971-E543CE582833}
		{F5D25B6F-78F3-4C78-83D3-A1DC5B71EE1D} = {A162C960-4111-42FF-B971-E543CE582833}
		{44D10AAC-81DE-4C3C-B7CF-822722E7402E} = {A162C960-4111-42FF-B971-E543CE582833}
		{FC508F62-E63B-48B9-B97D-2E2C98DA48EB} = {A162C960-4111-42FF-B971-E543CE582833}
	EndGlobalSection
	GlobalSection(ExtensibilityGlobals) = postSolution
		SolutionGuid = {2577164A-41A3-43BA-A75F-3AD2A151B077}
	EndGlobalSection
EndGlobal
